
Microsoft Visual Studio Solution File, Format Version 12.00
# Visual Studio Version 16
VisualStudioVersion = 16.0.30225.117
MinimumVisualStudioVersion = 10.0.40219.1
Project("{FAE04EC0-301F-11D3-BF4B-00C04F79EFBC}") = "HelloLog", "HelloLog\HelloLog.csproj", "{BBBDECEF-8C0B-47FD-843E-6A320D7A2C76}"
EndProject
Global
	GlobalSection(SolutionConfigurationPlatforms) = preSolution
		Debug|Any CPU = Debug|Any CPU
		Release|Any CPU = Release|Any CPU
	EndGlobalSection
	GlobalSection(ProjectConfigurationPlatforms) = postSolution
		{BBBDECEF-8C0B-47FD-843E-6A320D7A2C76}.Debug|Any CPU.ActiveCfg = Debug|Any CPU
		{BBBDECEF-8C0B-47FD-843E-6A320D7A2C76}.Debug|Any CPU.Build.0 = Debug|Any CPU
		{BBBDECEF-8C0B-47FD-843E-6A320D7A2C76}.Release|Any CPU.ActiveCfg = Release|Any CPU
		{BBBDECEF-8C0B-47FD-843E-6A320D7A2C76}.Release|Any CPU.Build.0 = Release|Any CPU
	EndGlobalSection
	GlobalSection(SolutionProperties) = preSolution
		HideSolutionNode = FALSE
	EndGlobalSection
	GlobalSection(ExtensibilityGlobals) = postSolution
		SolutionGuid = {E5BEF9DF-6BEA-4784-B639-B7C7CDF49284}
	EndGlobalSection
EndGlobal
